
Microsoft Visual Studio Solution File, Format Version 12.00
# Visual Studio Version 16
VisualStudioVersion = 25.0.1705.0
MinimumVisualStudioVersion = 10.0.40219.1
Project("{FAE04EC0-301F-11D3-BF4B-00C04F79EFBC}") = "Final Case", "Final Case\Final Case.csproj", "{C4620BE3-E901-4D10-9624-67F6EC88A599}"
EndProject
Project("{FAE04EC0-301F-11D3-BF4B-00C04F79EFBC}") = "Final.Base", "Final.Base\Final.Base.csproj", "{183DE705-2C45-4A13-981D-67EFF560A3C5}"
EndProject
Project("{FAE04EC0-301F-11D3-BF4B-00C04F79EFBC}") = "Final.Data", "Final.Data\Final.Data.csproj", "{B8F696DB-4BB8-462B-A9FB-B63A29D22DE9}"
EndProject
Project("{FAE04EC0-301F-11D3-BF4B-00C04F79EFBC}") = "Final.Service", "Final.Service\Final.Service.csproj", "{781AD559-2ABD-4FBA-BCEA-9AEB9240EEFD}"
EndProject
Project("{FAE04EC0-301F-11D3-BF4B-00C04F79EFBC}") = "Final.Dto", "Final.Dto\Final.Dto.csproj", "{31C26A05-9AF9-429A-A557-4593ED2C6678}"
EndProject
Project("{2150E333-8FDC-42A3-9474-1A3956D46DE8}") = "Solution Items", "Solution Items", "{CA583966-DAAD-447C-876C-CC5AFD594CD4}"
	ProjectSection(SolutionItems) = preProject
		Docker Ports.txt = Docker Ports.txt
		Logs.json = Logs.json
		docker-compose.override.yml = docker-compose.override.yml
		docker-compose.yml = docker-compose.yml
	EndProjectSection
EndProject
Project("{2150E333-8FDC-42A3-9474-1A3956D46DE8}") = "Test", "Test", "{A1C56DE0-8FA3-49A0-9D42-99D8D9462ECD}"
EndProject
Project("{FAE04EC0-301F-11D3-BF4B-00C04F79EFBC}") = "WebApi.UnitTests", "Final.Test\WebApi.UnitTests\WebApi.UnitTests.csproj", "{B0B98954-D0BA-482E-8866-8DEBCF7736A3}"
EndProject
Project("{FAE04EC0-301F-11D3-BF4B-00C04F79EFBC}") = "Final.IntegrationTest", "Final.Test\Final.IntegrationTest\Final.IntegrationTest.csproj", "{BA87C30E-B947-487D-A394-5513666703C1}"
EndProject
Project("{E53339B2-1760-4266-BCC7-CA923CBCF16C}") = "docker-compose", "docker-compose.dcproj", "{114614B4-57AB-4117-BB51-17739197410D}"
EndProject
Global
	GlobalSection(SolutionConfigurationPlatforms) = preSolution
		Debug|Any CPU = Debug|Any CPU
		Release|Any CPU = Release|Any CPU
	EndGlobalSection
	GlobalSection(ProjectConfigurationPlatforms) = postSolution
		{C4620BE3-E901-4D10-9624-67F6EC88A599}.Debug|Any CPU.ActiveCfg = Debug|Any CPU
		{C4620BE3-E901-4D10-9624-67F6EC88A599}.Debug|Any CPU.Build.0 = Debug|Any CPU
		{C4620BE3-E901-4D10-9624-67F6EC88A599}.Release|Any CPU.ActiveCfg = Release|Any CPU
		{C4620BE3-E901-4D10-9624-67F6EC88A599}.Release|Any CPU.Build.0 = Release|Any CPU
		{183DE705-2C45-4A13-981D-67EFF560A3C5}.Debug|Any CPU.ActiveCfg = Debug|Any CPU
		{183DE705-2C45-4A13-981D-67EFF560A3C5}.Debug|Any CPU.Build.0 = Debug|Any CPU
		{183DE705-2C45-4A13-981D-67EFF560A3C5}.Release|Any CPU.ActiveCfg = Release|Any CPU
		{183DE705-2C45-4A13-981D-67EFF560A3C5}.Release|Any CPU.Build.0 = Release|Any CPU
		{B8F696DB-4BB8-462B-A9FB-B63A29D22DE9}.Debug|Any CPU.ActiveCfg = Debug|Any CPU
		{B8F696DB-4BB8-462B-A9FB-B63A29D22DE9}.Debug|Any CPU.Build.0 = Debug|Any CPU
		{B8F696DB-4BB8-462B-A9FB-B63A29D22DE9}.Release|Any CPU.ActiveCfg = Release|Any CPU
		{B8F696DB-4BB8-462B-A9FB-B63A29D22DE9}.Release|Any CPU.Build.0 = Release|Any CPU
		{781AD559-2ABD-4FBA-BCEA-9AEB9240EEFD}.Debug|Any CPU.ActiveCfg = Debug|Any CPU
		{781AD559-2ABD-4FBA-BCEA-9AEB9240EEFD}.Debug|Any CPU.Build.0 = Debug|Any CPU
		{781AD559-2ABD-4FBA-BCEA-9AEB9240EEFD}.Release|Any CPU.ActiveCfg = Release|Any CPU
		{781AD559-2ABD-4FBA-BCEA-9AEB9240EEFD}.Release|Any CPU.Build.0 = Release|Any CPU
		{31C26A05-9AF9-429A-A557-4593ED2C6678}.Debug|Any CPU.ActiveCfg = Debug|Any CPU
		{31C26A05-9AF9-429A-A557-4593ED2C6678}.Debug|Any CPU.Build.0 = Debug|Any CPU
		{31C26A05-9AF9-429A-A557-4593ED2C6678}.Release|Any CPU.ActiveCfg = Release|Any CPU
		{31C26A05-9AF9-429A-A557-4593ED2C6678}.Release|Any CPU.Build.0 = Release|Any CPU
		{B0B98954-D0BA-482E-8866-8DEBCF7736A3}.Debug|Any CPU.ActiveCfg = Debug|Any CPU
		{B0B98954-D0BA-482E-8866-8DEBCF7736A3}.Debug|Any CPU.Build.0 = Debug|Any CPU
		{B0B98954-D0BA-482E-8866-8DEBCF7736A3}.Release|Any CPU.ActiveCfg = Release|Any CPU
		{B0B98954-D0BA-482E-8866-8DEBCF7736A3}.Release|Any CPU.Build.0 = Release|Any CPU
		{BA87C30E-B947-487D-A394-5513666703C1}.Debug|Any CPU.ActiveCfg = Debug|Any CPU
		{BA87C30E-B947-487D-A394-5513666703C1}.Debug|Any CPU.Build.0 = Debug|Any CPU
		{BA87C30E-B947-487D-A394-5513666703C1}.Release|Any CPU.ActiveCfg = Release|Any CPU
		{BA87C30E-B947-487D-A394-5513666703C1}.Release|Any CPU.Build.0 = Release|Any CPU
		{114614B4-57AB-4117-BB51-17739197410D}.Debug|Any CPU.ActiveCfg = Debug|Any CPU
		{114614B4-57AB-4117-BB51-17739197410D}.Debug|Any CPU.Build.0 = Debug|Any CPU
		{114614B4-57AB-4117-BB51-17739197410D}.Release|Any CPU.ActiveCfg = Release|Any CPU
		{114614B4-57AB-4117-BB51-17739197410D}.Release|Any CPU.Build.0 = Release|Any CPU
	EndGlobalSection
	GlobalSection(SolutionProperties) = preSolution
		HideSolutionNode = FALSE
	EndGlobalSection
	GlobalSection(ExtensibilityGlobals) = postSolution
		SolutionGuid = {01508FD4-2510-4CED-955D-79845528AD25}
	EndGlobalSection
	GlobalSection(NestedProjects) = preSolution
		{B0B98954-D0BA-482E-8866-8DEBCF7736A3} = {A1C56DE0-8FA3-49A0-9D42-99D8D9462ECD}
		{BA87C30E-B947-487D-A394-5513666703C1} = {A1C56DE0-8FA3-49A0-9D42-99D8D9462ECD}
	EndGlobalSection
EndGlobal
